{
  "object": {
    "pins": [
      {
        "package": "Socket",
        "repositoryURL": "https://github.com/IBM-Swift/BlueSocket.git",
        "state": {
          "branch": null,
          "revision": "c46a3d41f5b2401d18bcb46d0101cdc5cd13e307",
          "version": "1.0.52"
        }
      },
      {
        "package": "Promises",
        "repositoryURL": "https://github.com/google/promises.git",
        "state": {
          "branch": null,
          "revision": "6b6f4fe3385ed37389fb231bc40be81de2f1230f",
          "version": "1.2.8"
        }
      },
      {
        "package": "Version",
        "repositoryURL": "https://github.com/mrackwitz/Version.git",
        "state": {
          "branch": null,
          "revision": "43b1588916820687a056a305720f8f64161ca810",
          "version": "0.7.2"
        }
      },
      {
        "package": "XMLCoder",
        "repositoryURL": "https://github.com/MaxDesiatov/XMLCoder.git",
        "state": {
          "branch": null,
          "revision": "f68964b14c34f73f2a6fa56f30d8a355e21afc25",
          "version": "0.8.0"
        }
      }
    ]
  },
  "version": 1
}
